// !$*UTF8*$!
{
	archiveVersion = 1;
	classes = {
	};
	objectVersion = 50;
	objects = {

/* Begin PBXBuildFile section */
		3F23F55720934BE000E509E1 /* Swifty.framework in Frameworks */ = {isa = PBXBuildFile; fileRef = 3F23F54D20934BE000E509E1 /* Swifty.framework */; };
		3F23F55C20934BE000E509E1 /* SwiftyTests.swift in Sources */ = {isa = PBXBuildFile; fileRef = 3F23F55B20934BE000E509E1 /* SwiftyTests.swift */; };
		3F23F55E20934BE000E509E1 /* Swifty.h in Headers */ = {isa = PBXBuildFile; fileRef = 3F23F55020934BE000E509E1 /* Swifty.h */; settings = {ATTRIBUTES = (Public, ); }; };
		3F23F56820934CA400E509E1 /* String+Swifty.swift in Sources */ = {isa = PBXBuildFile; fileRef = 3F23F56720934CA400E509E1 /* String+Swifty.swift */; };
		3F23F56A20934CC400E509E1 /* Optional+Swifty.swift in Sources */ = {isa = PBXBuildFile; fileRef = 3F23F56920934CC400E509E1 /* Optional+Swifty.swift */; };
		3F23F56C20934D5100E509E1 /* Array+Swifty.swift in Sources */ = {isa = PBXBuildFile; fileRef = 3F23F56B20934D5100E509E1 /* Array+Swifty.swift */; };
		3F93F31120944B2900435ED9 /* Device+Swifty.swift in Sources */ = {isa = PBXBuildFile; fileRef = 3F93F31020944B2900435ED9 /* Device+Swifty.swift */; };
		3F93F31320944B4800435ED9 /* Bundle+Swifty.swift in Sources */ = {isa = PBXBuildFile; fileRef = 3F93F31220944B4800435ED9 /* Bundle+Swifty.swift */; };
		8662BABD2096BA7900CF00B1 /* Bundle+SwiftyTests.swift in Sources */ = {isa = PBXBuildFile; fileRef = 8662BABC2096BA7900CF00B1 /* Bundle+SwiftyTests.swift */; };
		8662BABF209FDE2700CF00B1 /* UILabel+Swifty.swift in Sources */ = {isa = PBXBuildFile; fileRef = 8662BABE209FDE2700CF00B1 /* UILabel+Swifty.swift */; };
		8662BAC1209FDFC900CF00B1 /* UILabel+SwiftyTests.swift in Sources */ = {isa = PBXBuildFile; fileRef = 8662BAC0209FDFC900CF00B1 /* UILabel+SwiftyTests.swift */; };
		8662BAC3209FE1AD00CF00B1 /* UIButton+Swifty.swift in Sources */ = {isa = PBXBuildFile; fileRef = 8662BAC2209FE1AD00CF00B1 /* UIButton+Swifty.swift */; };
		8662BB0720A5F73800CF00B1 /* PlistBox.swift in Sources */ = {isa = PBXBuildFile; fileRef = 8662BB0620A5F73800CF00B1 /* PlistBox.swift */; };
		8662BB0920A808D500CF00B1 /* AssociatedKeys.swift in Sources */ = {isa = PBXBuildFile; fileRef = 8662BB0820A808D500CF00B1 /* AssociatedKeys.swift */; };
		8662BB0B20A80B6C00CF00B1 /* NSObject+Swifty.swift in Sources */ = {isa = PBXBuildFile; fileRef = 8662BB0A20A80B6C00CF00B1 /* NSObject+Swifty.swift */; };
		8662BB0D20A80F7900CF00B1 /* NSObject+SwiftyTests.swift in Sources */ = {isa = PBXBuildFile; fileRef = 8662BB0C20A80F7900CF00B1 /* NSObject+SwiftyTests.swift */; };
		86A2748D2093838700D74C53 /* Array+SwiftyTests.swift in Sources */ = {isa = PBXBuildFile; fileRef = 86A2748C2093838700D74C53 /* Array+SwiftyTests.swift */; };
		86A2748F20938AF300D74C53 /* Optional+Swifty.swift in Sources */ = {isa = PBXBuildFile; fileRef = 86A2748E20938AF300D74C53 /* Optional+Swifty.swift */; };
		86A2749120938BE800D74C53 /* Date+Swifty.swift in Sources */ = {isa = PBXBuildFile; fileRef = 86A2749020938BE800D74C53 /* Date+Swifty.swift */; };
		86A2749320938C0500D74C53 /* Int+Swifty.swift in Sources */ = {isa = PBXBuildFile; fileRef = 86A2749220938C0500D74C53 /* Int+Swifty.swift */; };
		86A2749520938C9300D74C53 /* String+SwiftyTest.swift in Sources */ = {isa = PBXBuildFile; fileRef = 86A2749420938C9300D74C53 /* String+SwiftyTest.swift */; };
		86A2749720938F0000D74C53 /* Dispatch+Swifty.swift in Sources */ = {isa = PBXBuildFile; fileRef = 86A2749620938F0000D74C53 /* Dispatch+Swifty.swift */; };
		86A274992093966300D74C53 /* Dispatch+SwiftyTests.swift in Sources */ = {isa = PBXBuildFile; fileRef = 86A274982093966300D74C53 /* Dispatch+SwiftyTests.swift */; };
/* End PBXBuildFile section */

/* Begin PBXContainerItemProxy section */
		3F23F55820934BE000E509E1 /* PBXContainerItemProxy */ = {
			isa = PBXContainerItemProxy;
			containerPortal = 3F23F54420934BE000E509E1 /* Project object */;
			proxyType = 1;
			remoteGlobalIDString = 3F23F54C20934BE000E509E1;
			remoteInfo = Swifty;
		};
/* End PBXContainerItemProxy section */

/* Begin PBXFileReference section */
		3F23F54D20934BE000E509E1 /* Swifty.framework */ = {isa = PBXFileReference; explicitFileType = wrapper.framework; includeInIndex = 0; path = Swifty.framework; sourceTree = BUILT_PRODUCTS_DIR; };
		3F23F55020934BE000E509E1 /* Swifty.h */ = {isa = PBXFileReference; lastKnownFileType = sourcecode.c.h; path = Swifty.h; sourceTree = "<group>"; };
		3F23F55120934BE000E509E1 /* Info.plist */ = {isa = PBXFileReference; lastKnownFileType = text.plist.xml; path = Info.plist; sourceTree = "<group>"; };
		3F23F55620934BE000E509E1 /* SwiftyTests.xctest */ = {isa = PBXFileReference; explicitFileType = wrapper.cfbundle; includeInIndex = 0; path = SwiftyTests.xctest; sourceTree = BUILT_PRODUCTS_DIR; };
		3F23F55B20934BE000E509E1 /* SwiftyTests.swift */ = {isa = PBXFileReference; lastKnownFileType = sourcecode.swift; path = SwiftyTests.swift; sourceTree = "<group>"; };
		3F23F55D20934BE000E509E1 /* Info.plist */ = {isa = PBXFileReference; lastKnownFileType = text.plist.xml; path = Info.plist; sourceTree = "<group>"; };
		3F23F56720934CA400E509E1 /* String+Swifty.swift */ = {isa = PBXFileReference; lastKnownFileType = sourcecode.swift; path = "String+Swifty.swift"; sourceTree = "<group>"; };
		3F23F56920934CC400E509E1 /* Optional+Swifty.swift */ = {isa = PBXFileReference; lastKnownFileType = sourcecode.swift; path = "Optional+Swifty.swift"; sourceTree = "<group>"; };
		3F23F56B20934D5100E509E1 /* Array+Swifty.swift */ = {isa = PBXFileReference; lastKnownFileType = sourcecode.swift; path = "Array+Swifty.swift"; sourceTree = "<group>"; };
		3F93F31020944B2900435ED9 /* Device+Swifty.swift */ = {isa = PBXFileReference; lastKnownFileType = sourcecode.swift; path = "Device+Swifty.swift"; sourceTree = "<group>"; };
		3F93F31220944B4800435ED9 /* Bundle+Swifty.swift */ = {isa = PBXFileReference; lastKnownFileType = sourcecode.swift; path = "Bundle+Swifty.swift"; sourceTree = "<group>"; };
		8662BABC2096BA7900CF00B1 /* Bundle+SwiftyTests.swift */ = {isa = PBXFileReference; lastKnownFileType = sourcecode.swift; path = "Bundle+SwiftyTests.swift"; sourceTree = "<group>"; };
		8662BABE209FDE2700CF00B1 /* UILabel+Swifty.swift */ = {isa = PBXFileReference; lastKnownFileType = sourcecode.swift; path = "UILabel+Swifty.swift"; sourceTree = "<group>"; };
		8662BAC0209FDFC900CF00B1 /* UILabel+SwiftyTests.swift */ = {isa = PBXFileReference; lastKnownFileType = sourcecode.swift; path = "UILabel+SwiftyTests.swift"; sourceTree = "<group>"; };
		8662BAC2209FE1AD00CF00B1 /* UIButton+Swifty.swift */ = {isa = PBXFileReference; lastKnownFileType = sourcecode.swift; path = "UIButton+Swifty.swift"; sourceTree = "<group>"; };
		8662BB0620A5F73800CF00B1 /* PlistBox.swift */ = {isa = PBXFileReference; lastKnownFileType = sourcecode.swift; path = PlistBox.swift; sourceTree = "<group>"; };
		8662BB0820A808D500CF00B1 /* AssociatedKeys.swift */ = {isa = PBXFileReference; lastKnownFileType = sourcecode.swift; path = AssociatedKeys.swift; sourceTree = "<group>"; };
		8662BB0A20A80B6C00CF00B1 /* NSObject+Swifty.swift */ = {isa = PBXFileReference; lastKnownFileType = sourcecode.swift; path = "NSObject+Swifty.swift"; sourceTree = "<group>"; };
		8662BB0C20A80F7900CF00B1 /* NSObject+SwiftyTests.swift */ = {isa = PBXFileReference; lastKnownFileType = sourcecode.swift; path = "NSObject+SwiftyTests.swift"; sourceTree = "<group>"; };
		86A2748C2093838700D74C53 /* Array+SwiftyTests.swift */ = {isa = PBXFileReference; lastKnownFileType = sourcecode.swift; path = "Array+SwiftyTests.swift"; sourceTree = "<group>"; };
		86A2748E20938AF300D74C53 /* Optional+Swifty.swift */ = {isa = PBXFileReference; lastKnownFileType = sourcecode.swift; path = "Optional+Swifty.swift"; sourceTree = "<group>"; };
		86A2749020938BE800D74C53 /* Date+Swifty.swift */ = {isa = PBXFileReference; lastKnownFileType = sourcecode.swift; path = "Date+Swifty.swift"; sourceTree = "<group>"; };
		86A2749220938C0500D74C53 /* Int+Swifty.swift */ = {isa = PBXFileReference; lastKnownFileType = sourcecode.swift; path = "Int+Swifty.swift"; sourceTree = "<group>"; };
		86A2749420938C9300D74C53 /* String+SwiftyTest.swift */ = {isa = PBXFileReference; lastKnownFileType = sourcecode.swift; path = "String+SwiftyTest.swift"; sourceTree = "<group>"; };
		86A2749620938F0000D74C53 /* Dispatch+Swifty.swift */ = {isa = PBXFileReference; lastKnownFileType = sourcecode.swift; path = "Dispatch+Swifty.swift"; sourceTree = "<group>"; };
		86A274982093966300D74C53 /* Dispatch+SwiftyTests.swift */ = {isa = PBXFileReference; lastKnownFileType = sourcecode.swift; path = "Dispatch+SwiftyTests.swift"; sourceTree = "<group>"; };
/* End PBXFileReference section */

/* Begin PBXFrameworksBuildPhase section */
		3F23F54920934BE000E509E1 /* Frameworks */ = {
			isa = PBXFrameworksBuildPhase;
			buildActionMask = 2147483647;
			files = (
			);
			runOnlyForDeploymentPostprocessing = 0;
		};
		3F23F55320934BE000E509E1 /* Frameworks */ = {
			isa = PBXFrameworksBuildPhase;
			buildActionMask = 2147483647;
			files = (
				3F23F55720934BE000E509E1 /* Swifty.framework in Frameworks */,
			);
			runOnlyForDeploymentPostprocessing = 0;
		};
/* End PBXFrameworksBuildPhase section */

/* Begin PBXGroup section */
		3F23F54320934BE000E509E1 = {
			isa = PBXGroup;
			children = (
				3F23F54F20934BE000E509E1 /* Swifty */,
				3F23F55A20934BE000E509E1 /* SwiftyTests */,
				3F23F54E20934BE000E509E1 /* Products */,
			);
			indentWidth = 2;
			sourceTree = "<group>";
			tabWidth = 2;
		};
		3F23F54E20934BE000E509E1 /* Products */ = {
			isa = PBXGroup;
			children = (
				3F23F54D20934BE000E509E1 /* Swifty.framework */,
				3F23F55620934BE000E509E1 /* SwiftyTests.xctest */,
			);
			name = Products;
			sourceTree = "<group>";
		};
		3F23F54F20934BE000E509E1 /* Swifty */ = {
			isa = PBXGroup;
			children = (
				3F23F55020934BE000E509E1 /* Swifty.h */,
				3F23F55120934BE000E509E1 /* Info.plist */,
				8662BB0A20A80B6C00CF00B1 /* NSObject+Swifty.swift */,
				3F23F56720934CA400E509E1 /* String+Swifty.swift */,
				3F23F56920934CC400E509E1 /* Optional+Swifty.swift */,
				3F23F56B20934D5100E509E1 /* Array+Swifty.swift */,
				86A2749020938BE800D74C53 /* Date+Swifty.swift */,
				86A2749220938C0500D74C53 /* Int+Swifty.swift */,
				86A2749620938F0000D74C53 /* Dispatch+Swifty.swift */,
				3F93F31020944B2900435ED9 /* Device+Swifty.swift */,
				3F93F31220944B4800435ED9 /* Bundle+Swifty.swift */,
				8662BABE209FDE2700CF00B1 /* UILabel+Swifty.swift */,
				8662BAC2209FE1AD00CF00B1 /* UIButton+Swifty.swift */,
				8662BB0620A5F73800CF00B1 /* PlistBox.swift */,
				8662BB0820A808D500CF00B1 /* AssociatedKeys.swift */,
			);
			path = Swifty;
			sourceTree = "<group>";
		};
		3F23F55A20934BE000E509E1 /* SwiftyTests */ = {
			isa = PBXGroup;
			children = (
				3F23F55B20934BE000E509E1 /* SwiftyTests.swift */,
				86A2749420938C9300D74C53 /* String+SwiftyTest.swift */,
				86A2748E20938AF300D74C53 /* Optional+Swifty.swift */,
				86A2748C2093838700D74C53 /* Array+SwiftyTests.swift */,
				86A274982093966300D74C53 /* Dispatch+SwiftyTests.swift */,
				8662BABC2096BA7900CF00B1 /* Bundle+SwiftyTests.swift */,
				3F23F55D20934BE000E509E1 /* Info.plist */,
				8662BAC0209FDFC900CF00B1 /* UILabel+SwiftyTests.swift */,
				8662BB0C20A80F7900CF00B1 /* NSObject+SwiftyTests.swift */,
			);
			path = SwiftyTests;
			sourceTree = "<group>";
		};
/* End PBXGroup section */

/* Begin PBXHeadersBuildPhase section */
		3F23F54A20934BE000E509E1 /* Headers */ = {
			isa = PBXHeadersBuildPhase;
			buildActionMask = 2147483647;
			files = (
				3F23F55E20934BE000E509E1 /* Swifty.h in Headers */,
			);
			runOnlyForDeploymentPostprocessing = 0;
		};
/* End PBXHeadersBuildPhase section */

/* Begin PBXNativeTarget section */
		3F23F54C20934BE000E509E1 /* Swifty */ = {
			isa = PBXNativeTarget;
			buildConfigurationList = 3F23F56120934BE000E509E1 /* Build configuration list for PBXNativeTarget "Swifty" */;
			buildPhases = (
				3F23F54820934BE000E509E1 /* Sources */,
				3F23F54920934BE000E509E1 /* Frameworks */,
				3F23F54A20934BE000E509E1 /* Headers */,
				3F23F54B20934BE000E509E1 /* Resources */,
				86A2749A209396C800D74C53 /* ShellScript */,
			);
			buildRules = (
			);
			dependencies = (
			);
			name = Swifty;
			productName = Swifty;
			productReference = 3F23F54D20934BE000E509E1 /* Swifty.framework */;
			productType = "com.apple.product-type.framework";
		};
		3F23F55520934BE000E509E1 /* SwiftyTests */ = {
			isa = PBXNativeTarget;
			buildConfigurationList = 3F23F56420934BE000E509E1 /* Build configuration list for PBXNativeTarget "SwiftyTests" */;
			buildPhases = (
				3F23F55220934BE000E509E1 /* Sources */,
				3F23F55320934BE000E509E1 /* Frameworks */,
				3F23F55420934BE000E509E1 /* Resources */,
			);
			buildRules = (
			);
			dependencies = (
				3F23F55920934BE000E509E1 /* PBXTargetDependency */,
			);
			name = SwiftyTests;
			productName = SwiftyTests;
			productReference = 3F23F55620934BE000E509E1 /* SwiftyTests.xctest */;
			productType = "com.apple.product-type.bundle.unit-test";
		};
/* End PBXNativeTarget section */

/* Begin PBXProject section */
		3F23F54420934BE000E509E1 /* Project object */ = {
			isa = PBXProject;
			attributes = {
				LastSwiftUpdateCheck = 0930;
				LastUpgradeCheck = 0930;
				ORGANIZATIONNAME = vsccw;
				TargetAttributes = {
					3F23F54C20934BE000E509E1 = {
						CreatedOnToolsVersion = 9.3;
						LastSwiftMigration = 0930;
					};
					3F23F55520934BE000E509E1 = {
						CreatedOnToolsVersion = 9.3;
					};
				};
			};
			buildConfigurationList = 3F23F54720934BE000E509E1 /* Build configuration list for PBXProject "Swifty" */;
			compatibilityVersion = "Xcode 9.3";
			developmentRegion = en;
			hasScannedForEncodings = 0;
			knownRegions = (
				en,
			);
			mainGroup = 3F23F54320934BE000E509E1;
			productRefGroup = 3F23F54E20934BE000E509E1 /* Products */;
			projectDirPath = "";
			projectRoot = "";
			targets = (
				3F23F54C20934BE000E509E1 /* Swifty */,
				3F23F55520934BE000E509E1 /* SwiftyTests */,
			);
		};
/* End PBXProject section */

/* Begin PBXResourcesBuildPhase section */
		3F23F54B20934BE000E509E1 /* Resources */ = {
			isa = PBXResourcesBuildPhase;
			buildActionMask = 2147483647;
			files = (
			);
			runOnlyForDeploymentPostprocessing = 0;
		};
		3F23F55420934BE000E509E1 /* Resources */ = {
			isa = PBXResourcesBuildPhase;
			buildActionMask = 2147483647;
			files = (
			);
			runOnlyForDeploymentPostprocessing = 0;
		};
/* End PBXResourcesBuildPhase section */

/* Begin PBXShellScriptBuildPhase section */
		86A2749A209396C800D74C53 /* ShellScript */ = {
			isa = PBXShellScriptBuildPhase;
			buildActionMask = 2147483647;
			files = (
			);
			inputPaths = (
			);
			outputPaths = (
			);
			runOnlyForDeploymentPostprocessing = 0;
			shellPath = /bin/sh;
			shellScript = "";
		};
/* End PBXShellScriptBuildPhase section */

/* Begin PBXSourcesBuildPhase section */
		3F23F54820934BE000E509E1 /* Sources */ = {
			isa = PBXSourcesBuildPhase;
			buildActionMask = 2147483647;
			files = (
				3F23F56C20934D5100E509E1 /* Array+Swifty.swift in Sources */,
				3F93F31320944B4800435ED9 /* Bundle+Swifty.swift in Sources */,
				3F23F56820934CA400E509E1 /* String+Swifty.swift in Sources */,
				8662BB0920A808D500CF00B1 /* AssociatedKeys.swift in Sources */,
				8662BB0720A5F73800CF00B1 /* PlistBox.swift in Sources */,
				3F23F56A20934CC400E509E1 /* Optional+Swifty.swift in Sources */,
				86A2749120938BE800D74C53 /* Date+Swifty.swift in Sources */,
				8662BB0B20A80B6C00CF00B1 /* NSObject+Swifty.swift in Sources */,
				86A2749720938F0000D74C53 /* Dispatch+Swifty.swift in Sources */,
				8662BABF209FDE2700CF00B1 /* UILabel+Swifty.swift in Sources */,
				8662BAC3209FE1AD00CF00B1 /* UIButton+Swifty.swift in Sources */,
				86A2749320938C0500D74C53 /* Int+Swifty.swift in Sources */,
				3F93F31120944B2900435ED9 /* Device+Swifty.swift in Sources */,
			);
			runOnlyForDeploymentPostprocessing = 0;
		};
		3F23F55220934BE000E509E1 /* Sources */ = {
			isa = PBXSourcesBuildPhase;
			buildActionMask = 2147483647;
			files = (
				3F23F55C20934BE000E509E1 /* SwiftyTests.swift in Sources */,
				8662BB0D20A80F7900CF00B1 /* NSObject+SwiftyTests.swift in Sources */,
				86A2748D2093838700D74C53 /* Array+SwiftyTests.swift in Sources */,
				86A274992093966300D74C53 /* Dispatch+SwiftyTests.swift in Sources */,
				8662BABD2096BA7900CF00B1 /* Bundle+SwiftyTests.swift in Sources */,
				86A2749520938C9300D74C53 /* String+SwiftyTest.swift in Sources */,
				8662BAC1209FDFC900CF00B1 /* UILabel+SwiftyTests.swift in Sources */,
				86A2748F20938AF300D74C53 /* Optional+Swifty.swift in Sources */,
			);
			runOnlyForDeploymentPostprocessing = 0;
		};
/* End PBXSourcesBuildPhase section */

/* Begin PBXTargetDependency section */
		3F23F55920934BE000E509E1 /* PBXTargetDependency */ = {
			isa = PBXTargetDependency;
			target = 3F23F54C20934BE000E509E1 /* Swifty */;
			targetProxy = 3F23F55820934BE000E509E1 /* PBXContainerItemProxy */;
		};
/* End PBXTargetDependency section */

/* Begin XCBuildConfiguration section */
		3F23F55F20934BE000E509E1 /* Debug */ = {
			isa = XCBuildConfiguration;
			buildSettings = {
				ALWAYS_SEARCH_USER_PATHS = NO;
				CLANG_ANALYZER_NONNULL = YES;
				CLANG_ANALYZER_NUMBER_OBJECT_CONVERSION = YES_AGGRESSIVE;
				CLANG_CXX_LANGUAGE_STANDARD = "gnu++14";
				CLANG_CXX_LIBRARY = "libc++";
				CLANG_ENABLE_MODULES = YES;
				CLANG_ENABLE_OBJC_ARC = YES;
				CLANG_ENABLE_OBJC_WEAK = YES;
				CLANG_WARN_BLOCK_CAPTURE_AUTORELEASING = YES;
				CLANG_WARN_BOOL_CONVERSION = YES;
				CLANG_WARN_COMMA = YES;
				CLANG_WARN_CONSTANT_CONVERSION = YES;
				CLANG_WARN_DEPRECATED_OBJC_IMPLEMENTATIONS = YES;
				CLANG_WARN_DIRECT_OBJC_ISA_USAGE = YES_ERROR;
				CLANG_WARN_DOCUMENTATION_COMMENTS = YES;
				CLANG_WARN_EMPTY_BODY = YES;
				CLANG_WARN_ENUM_CONVERSION = YES;
				CLANG_WARN_INFINITE_RECURSION = YES;
				CLANG_WARN_INT_CONVERSION = YES;
				CLANG_WARN_NON_LITERAL_NULL_CONVERSION = YES;
				CLANG_WARN_OBJC_IMPLICIT_RETAIN_SELF = YES;
				CLANG_WARN_OBJC_LITERAL_CONVERSION = YES;
				CLANG_WARN_OBJC_ROOT_CLASS = YES_ERROR;
				CLANG_WARN_RANGE_LOOP_ANALYSIS = YES;
				CLANG_WARN_STRICT_PROTOTYPES = YES;
				CLANG_WARN_SUSPICIOUS_MOVE = YES;
				CLANG_WARN_UNGUARDED_AVAILABILITY = YES_AGGRESSIVE;
				CLANG_WARN_UNREACHABLE_CODE = YES;
				CLANG_WARN__DUPLICATE_METHOD_MATCH = YES;
				CODE_SIGN_IDENTITY = "iPhone Developer";
				COPY_PHASE_STRIP = NO;
				CURRENT_PROJECT_VERSION = 1;
				DEBUG_INFORMATION_FORMAT = dwarf;
				ENABLE_STRICT_OBJC_MSGSEND = YES;
				ENABLE_TESTABILITY = YES;
				GCC_C_LANGUAGE_STANDARD = gnu11;
				GCC_DYNAMIC_NO_PIC = NO;
				GCC_NO_COMMON_BLOCKS = YES;
				GCC_OPTIMIZATION_LEVEL = 0;
				GCC_PREPROCESSOR_DEFINITIONS = (
					"DEBUG=1",
					"$(inherited)",
				);
				GCC_WARN_64_TO_32_BIT_CONVERSION = YES;
				GCC_WARN_ABOUT_RETURN_TYPE = YES_ERROR;
				GCC_WARN_UNDECLARED_SELECTOR = YES;
				GCC_WARN_UNINITIALIZED_AUTOS = YES_AGGRESSIVE;
				GCC_WARN_UNUSED_FUNCTION = YES;
				GCC_WARN_UNUSED_VARIABLE = YES;
				IPHONEOS_DEPLOYMENT_TARGET = 11.3;
				MTL_ENABLE_DEBUG_INFO = YES;
				ONLY_ACTIVE_ARCH = YES;
				SDKROOT = iphoneos;
				SWIFT_ACTIVE_COMPILATION_CONDITIONS = DEBUG;
				SWIFT_OPTIMIZATION_LEVEL = "-Onone";
				VERSIONING_SYSTEM = "apple-generic";
				VERSION_INFO_PREFIX = "";
			};
			name = Debug;
		};
		3F23F56020934BE000E509E1 /* Release */ = {
			isa = XCBuildConfiguration;
			buildSettings = {
				ALWAYS_SEARCH_USER_PATHS = NO;
				CLANG_ANALYZER_NONNULL = YES;
				CLANG_ANALYZER_NUMBER_OBJECT_CONVERSION = YES_AGGRESSIVE;
				CLANG_CXX_LANGUAGE_STANDARD = "gnu++14";
				CLANG_CXX_LIBRARY = "libc++";
				CLANG_ENABLE_MODULES = YES;
				CLANG_ENABLE_OBJC_ARC = YES;
				CLANG_ENABLE_OBJC_WEAK = YES;
				CLANG_WARN_BLOCK_CAPTURE_AUTORELEASING = YES;
				CLANG_WARN_BOOL_CONVERSION = YES;
				CLANG_WARN_COMMA = YES;
				CLANG_WARN_CONSTANT_CONVERSION = YES;
				CLANG_WARN_DEPRECATED_OBJC_IMPLEMENTATIONS = YES;
				CLANG_WARN_DIRECT_OBJC_ISA_USAGE = YES_ERROR;
				CLANG_WARN_DOCUMENTATION_COMMENTS = YES;
				CLANG_WARN_EMPTY_BODY = YES;
				CLANG_WARN_ENUM_CONVERSION = YES;
				CLANG_WARN_INFINITE_RECURSION = YES;
				CLANG_WARN_INT_CONVERSION = YES;
				CLANG_WARN_NON_LITERAL_NULL_CONVERSION = YES;
				CLANG_WARN_OBJC_IMPLICIT_RETAIN_SELF = YES;
				CLANG_WARN_OBJC_LITERAL_CONVERSION = YES;
				CLANG_WARN_OBJC_ROOT_CLASS = YES_ERROR;
				CLANG_WARN_RANGE_LOOP_ANALYSIS = YES;
				CLANG_WARN_STRICT_PROTOTYPES = YES;
				CLANG_WARN_SUSPICIOUS_MOVE = YES;
				CLANG_WARN_UNGUARDED_AVAILABILITY = YES_AGGRESSIVE;
				CLANG_WARN_UNREACHABLE_CODE = YES;
				CLANG_WARN__DUPLICATE_METHOD_MATCH = YES;
				CODE_SIGN_IDENTITY = "iPhone Developer";
				COPY_PHASE_STRIP = NO;
				CURRENT_PROJECT_VERSION = 1;
				DEBUG_INFORMATION_FORMAT = "dwarf-with-dsym";
				ENABLE_NS_ASSERTIONS = NO;
				ENABLE_STRICT_OBJC_MSGSEND = YES;
				GCC_C_LANGUAGE_STANDARD = gnu11;
				GCC_NO_COMMON_BLOCKS = YES;
				GCC_WARN_64_TO_32_BIT_CONVERSION = YES;
				GCC_WARN_ABOUT_RETURN_TYPE = YES_ERROR;
				GCC_WARN_UNDECLARED_SELECTOR = YES;
				GCC_WARN_UNINITIALIZED_AUTOS = YES_AGGRESSIVE;
				GCC_WARN_UNUSED_FUNCTION = YES;
				GCC_WARN_UNUSED_VARIABLE = YES;
				IPHONEOS_DEPLOYMENT_TARGET = 11.3;
				MTL_ENABLE_DEBUG_INFO = NO;
				SDKROOT = iphoneos;
				SWIFT_COMPILATION_MODE = wholemodule;
				SWIFT_OPTIMIZATION_LEVEL = "-O";
				VALIDATE_PRODUCT = YES;
				VERSIONING_SYSTEM = "apple-generic";
				VERSION_INFO_PREFIX = "";
			};
			name = Release;
		};
		3F23F56220934BE000E509E1 /* Debug */ = {
			isa = XCBuildConfiguration;
			buildSettings = {
				CLANG_ENABLE_MODULES = YES;
				CODE_SIGN_IDENTITY = "";
				CODE_SIGN_STYLE = Automatic;
				DEFINES_MODULE = YES;
				DEVELOPMENT_TEAM = 7Z9QGDZHJM;
				DYLIB_COMPATIBILITY_VERSION = 1;
				DYLIB_CURRENT_VERSION = 1;
				DYLIB_INSTALL_NAME_BASE = "@rpath";
				INFOPLIST_FILE = Swifty/Info.plist;
				INSTALL_PATH = "$(LOCAL_LIBRARY_DIR)/Frameworks";
				IPHONEOS_DEPLOYMENT_TARGET = 9.0;
				LD_RUNPATH_SEARCH_PATHS = (
					"$(inherited)",
					"@executable_path/Frameworks",
					"@loader_path/Frameworks",
				);
				PRODUCT_BUNDLE_IDENTIFIER = com.vsccw.Swifty;
				PRODUCT_NAME = "$(TARGET_NAME:c99extidentifier)";
				SKIP_INSTALL = YES;
				SWIFT_OPTIMIZATION_LEVEL = "-Onone";
				SWIFT_VERSION = 4.0;
				TARGETED_DEVICE_FAMILY = "1,2";
			};
			name = Debug;
		};
		3F23F56320934BE000E509E1 /* Release */ = {
			isa = XCBuildConfiguration;
			buildSettings = {
				CLANG_ENABLE_MODULES = YES;
				CODE_SIGN_IDENTITY = "";
				CODE_SIGN_STYLE = Automatic;
				DEFINES_MODULE = YES;
				DEVELOPMENT_TEAM = 7Z9QGDZHJM;
				DYLIB_COMPATIBILITY_VERSION = 1;
				DYLIB_CURRENT_VERSION = 1;
				DYLIB_INSTALL_NAME_BASE = "@rpath";
				INFOPLIST_FILE = Swifty/Info.plist;
				INSTALL_PATH = "$(LOCAL_LIBRARY_DIR)/Frameworks";
				IPHONEOS_DEPLOYMENT_TARGET = 9.0;
				LD_RUNPATH_SEARCH_PATHS = (
					"$(inherited)",
					"@executable_path/Frameworks",
					"@loader_path/Frameworks",
				);
				PRODUCT_BUNDLE_IDENTIFIER = com.vsccw.Swifty;
				PRODUCT_NAME = "$(TARGET_NAME:c99extidentifier)";
				SKIP_INSTALL = YES;
				SWIFT_VERSION = 4.0;
				TARGETED_DEVICE_FAMILY = "1,2";
			};
			name = Release;
		};
		3F23F56520934BE000E509E1 /* Debug */ = {
			isa = XCBuildConfiguration;
			buildSettings = {
				ALWAYS_EMBED_SWIFT_STANDARD_LIBRARIES = YES;
				CODE_SIGN_STYLE = Automatic;
				DEVELOPMENT_TEAM = 7Z9QGDZHJM;
				INFOPLIST_FILE = SwiftyTests/Info.plist;
				LD_RUNPATH_SEARCH_PATHS = (
					"$(inherited)",
					"@executable_path/Frameworks",
					"@loader_path/Frameworks",
				);
				PRODUCT_BUNDLE_IDENTIFIER = com.vsccw.SwiftyTests;
				PRODUCT_NAME = "$(TARGET_NAME)";
				SWIFT_VERSION = 4.0;
				TARGETED_DEVICE_FAMILY = "1,2";
			};
			name = Debug;
		};
		3F23F56620934BE000E509E1 /* Release */ = {
			isa = XCBuildConfiguration;
			buildSettings = {
				ALWAYS_EMBED_SWIFT_STANDARD_LIBRARIES = YES;
				CODE_SIGN_STYLE = Automatic;
				DEVELOPMENT_TEAM = 7Z9QGDZHJM;
				INFOPLIST_FILE = SwiftyTests/Info.plist;
				LD_RUNPATH_SEARCH_PATHS = (
					"$(inherited)",
					"@executable_path/Frameworks",
					"@loader_path/Frameworks",
				);
				PRODUCT_BUNDLE_IDENTIFIER = com.vsccw.SwiftyTests;
				PRODUCT_NAME = "$(TARGET_NAME)";
				SWIFT_VERSION = 4.0;
				TARGETED_DEVICE_FAMILY = "1,2";
			};
			name = Release;
		};
/* End XCBuildConfiguration section */

/* Begin XCConfigurationList section */
		3F23F54720934BE000E509E1 /* Build configuration list for PBXProject "Swifty" */ = {
			isa = XCConfigurationList;
			buildConfigurations = (
				3F23F55F20934BE000E509E1 /* Debug */,
				3F23F56020934BE000E509E1 /* Release */,
			);
			defaultConfigurationIsVisible = 0;
			defaultConfigurationName = Release;
		};
		3F23F56120934BE000E509E1 /* Build configuration list for PBXNativeTarget "Swifty" */ = {
			isa = XCConfigurationList;
			buildConfigurations = (
				3F23F56220934BE000E509E1 /* Debug */,
				3F23F56320934BE000E509E1 /* Release */,
			);
			defaultConfigurationIsVisible = 0;
			defaultConfigurationName = Release;
		};
		3F23F56420934BE000E509E1 /* Build configuration list for PBXNativeTarget "SwiftyTests" */ = {
			isa = XCConfigurationList;
			buildConfigurations = (
				3F23F56520934BE000E509E1 /* Debug */,
				3F23F56620934BE000E509E1 /* Release */,
			);
			defaultConfigurationIsVisible = 0;
			defaultConfigurationName = Release;
		};
/* End XCConfigurationList section */
	};
	rootObject = 3F23F54420934BE000E509E1 /* Project object */;
}
